
Microsoft Visual Studio Solution File, Format Version 12.00
# Visual Studio Version 16
VisualStudioVersion = 16.0.33423.256
MinimumVisualStudioVersion = 10.0.40219.1
Project("{FAE04EC0-301F-11D3-BF4B-00C04F79EFBC}") = "MVCApp", "MVCApp\MVCApp.csproj", "{CDA63037-2F07-4122-A21D-E4560E7A4CC4}"
EndProject
Global
	GlobalSection(SolutionConfigurationPlatforms) = preSolution
		Debug|Any CPU = Debug|Any CPU
		Release|Any CPU = Release|Any CPU
	EndGlobalSection
	GlobalSection(ProjectConfigurationPlatforms) = postSolution
		{CDA63037-2F07-4122-A21D-E4560E7A4CC4}.Debug|Any CPU.ActiveCfg = Debug|Any CPU
		{CDA63037-2F07-4122-A21D-E4560E7A4CC4}.Debug|Any CPU.Build.0 = Debug|Any CPU
		{CDA63037-2F07-4122-A21D-E4560E7A4CC4}.Release|Any CPU.ActiveCfg = Release|Any CPU
		{CDA63037-2F07-4122-A21D-E4560E7A4CC4}.Release|Any CPU.Build.0 = Release|Any CPU
	EndGlobalSection
	GlobalSection(SolutionProperties) = preSolution
		HideSolutionNode = FALSE
	EndGlobalSection
	GlobalSection(ExtensibilityGlobals) = postSolution
		SolutionGuid = {722674AE-EFF8-45DE-B592-351271044F70}
	EndGlobalSection
EndGlobal
