
Microsoft Visual Studio Solution File, Format Version 12.00
# Visual Studio Version 17
VisualStudioVersion = 17.5.33502.453
MinimumVisualStudioVersion = 10.0.40219.1
Project("{FAE04EC0-301F-11D3-BF4B-00C04F79EFBC}") = "AWT_Practial_Three", "AWT_Practial_Three\AWT_Practial_Three.csproj", "{75F1F3E6-3E1A-4473-8B2F-0CF635811548}"
EndProject
Global
	GlobalSection(SolutionConfigurationPlatforms) = preSolution
		Debug|Any CPU = Debug|Any CPU
		Release|Any CPU = Release|Any CPU
	EndGlobalSection
	GlobalSection(ProjectConfigurationPlatforms) = postSolution
		{75F1F3E6-3E1A-4473-8B2F-0CF635811548}.Debug|Any CPU.ActiveCfg = Debug|Any CPU
		{75F1F3E6-3E1A-4473-8B2F-0CF635811548}.Debug|Any CPU.Build.0 = Debug|Any CPU
		{75F1F3E6-3E1A-4473-8B2F-0CF635811548}.Release|Any CPU.ActiveCfg = Release|Any CPU
		{75F1F3E6-3E1A-4473-8B2F-0CF635811548}.Release|Any CPU.Build.0 = Release|Any CPU
	EndGlobalSection
	GlobalSection(SolutionProperties) = preSolution
		HideSolutionNode = FALSE
	EndGlobalSection
	GlobalSection(ExtensibilityGlobals) = postSolution
		SolutionGuid = {6C9F5EB4-6FD9-413E-B2AE-FB29F37CD838}
	EndGlobalSection
EndGlobal
