
Microsoft Visual Studio Solution File, Format Version 12.00
# Visual Studio Version 16
VisualStudioVersion = 16.0.33423.256
MinimumVisualStudioVersion = 10.0.40219.1
Project("{FAE04EC0-301F-11D3-BF4B-00C04F79EFBC}") = "PracticalNo1", "PracticalNo1\PracticalNo1.csproj", "{167930E2-CB2A-4482-B6A4-D674B8F19419}"
EndProject
Global
	GlobalSection(SolutionConfigurationPlatforms) = preSolution
		Debug|Any CPU = Debug|Any CPU
		Release|Any CPU = Release|Any CPU
	EndGlobalSection
	GlobalSection(ProjectConfigurationPlatforms) = postSolution
		{167930E2-CB2A-4482-B6A4-D674B8F19419}.Debug|Any CPU.ActiveCfg = Debug|Any CPU
		{167930E2-CB2A-4482-B6A4-D674B8F19419}.Debug|Any CPU.Build.0 = Debug|Any CPU
		{167930E2-CB2A-4482-B6A4-D674B8F19419}.Release|Any CPU.ActiveCfg = Release|Any CPU
		{167930E2-CB2A-4482-B6A4-D674B8F19419}.Release|Any CPU.Build.0 = Release|Any CPU
	EndGlobalSection
	GlobalSection(SolutionProperties) = preSolution
		HideSolutionNode = FALSE
	EndGlobalSection
	GlobalSection(ExtensibilityGlobals) = postSolution
		SolutionGuid = {89D66177-ABE4-4118-B74B-39CB7182EB8C}
	EndGlobalSection
EndGlobal
