
Microsoft Visual Studio Solution File, Format Version 12.00
# Visual Studio Version 16
VisualStudioVersion = 16.0.33423.256
MinimumVisualStudioVersion = 10.0.40219.1
Project("{FAE04EC0-301F-11D3-BF4B-00C04F79EFBC}") = "CustomerApplication_MVC", "CustomerApplication_MVC.csproj", "{FB04660D-018B-4BC6-83E1-2A37BBF86F3C}"
EndProject
Global
	GlobalSection(SolutionConfigurationPlatforms) = preSolution
		Debug|Any CPU = Debug|Any CPU
		Release|Any CPU = Release|Any CPU
	EndGlobalSection
	GlobalSection(ProjectConfigurationPlatforms) = postSolution
		{FB04660D-018B-4BC6-83E1-2A37BBF86F3C}.Debug|Any CPU.ActiveCfg = Debug|Any CPU
		{FB04660D-018B-4BC6-83E1-2A37BBF86F3C}.Debug|Any CPU.Build.0 = Debug|Any CPU
		{FB04660D-018B-4BC6-83E1-2A37BBF86F3C}.Release|Any CPU.ActiveCfg = Release|Any CPU
		{FB04660D-018B-4BC6-83E1-2A37BBF86F3C}.Release|Any CPU.Build.0 = Release|Any CPU
	EndGlobalSection
	GlobalSection(SolutionProperties) = preSolution
		HideSolutionNode = FALSE
	EndGlobalSection
	GlobalSection(ExtensibilityGlobals) = postSolution
		SolutionGuid = {091EE01E-8660-48B8-877B-B28757407430}
	EndGlobalSection
EndGlobal
