
Microsoft Visual Studio Solution File, Format Version 12.00
# Visual Studio Version 16
VisualStudioVersion = 16.0.33423.256
MinimumVisualStudioVersion = 10.0.40219.1
Project("{FAE04EC0-301F-11D3-BF4B-00C04F79EFBC}") = "WebService_Calcy_Client", "WebService_Calcy_Client.csproj", "{D7F21ACF-9292-4411-9DBB-0F57D6226A8D}"
EndProject
Global
	GlobalSection(SolutionConfigurationPlatforms) = preSolution
		Debug|Any CPU = Debug|Any CPU
		Release|Any CPU = Release|Any CPU
	EndGlobalSection
	GlobalSection(ProjectConfigurationPlatforms) = postSolution
		{D7F21ACF-9292-4411-9DBB-0F57D6226A8D}.Debug|Any CPU.ActiveCfg = Debug|Any CPU
		{D7F21ACF-9292-4411-9DBB-0F57D6226A8D}.Debug|Any CPU.Build.0 = Debug|Any CPU
		{D7F21ACF-9292-4411-9DBB-0F57D6226A8D}.Release|Any CPU.ActiveCfg = Release|Any CPU
		{D7F21ACF-9292-4411-9DBB-0F57D6226A8D}.Release|Any CPU.Build.0 = Release|Any CPU
	EndGlobalSection
	GlobalSection(SolutionProperties) = preSolution
		HideSolutionNode = FALSE
	EndGlobalSection
	GlobalSection(ExtensibilityGlobals) = postSolution
		SolutionGuid = {CBC0C34F-43AE-4769-82ED-F6FC991F1B1C}
	EndGlobalSection
EndGlobal
